
Microsoft Visual Studio Solution File, Format Version 12.00
# Visual Studio Version 16
VisualStudioVersion = 16.0.31129.286
MinimumVisualStudioVersion = 10.0.40219.1
Project("{9A19103F-16F7-4668-BE54-9A1E7A4F7556}") = "read_mem_file", "read_mem_file\read_mem_file.csproj", "{5A4FF47C-3402-4E21-A351-26077543F145}"
EndProject
Project("{9A19103F-16F7-4668-BE54-9A1E7A4F7556}") = "projectWpf", "projectWpf\projectWpf.csproj", "{D141A94F-979E-4C56-B542-77FC27E5D9A7}"
EndProject
Global
	GlobalSection(SolutionConfigurationPlatforms) = preSolution
		Debug|Any CPU = Debug|Any CPU
		Release|Any CPU = Release|Any CPU
	EndGlobalSection
	GlobalSection(ProjectConfigurationPlatforms) = postSolution
		{5A4FF47C-3402-4E21-A351-26077543F145}.Debug|Any CPU.ActiveCfg = Debug|Any CPU
		{5A4FF47C-3402-4E21-A351-26077543F145}.Debug|Any CPU.Build.0 = Debug|Any CPU
		{5A4FF47C-3402-4E21-A351-26077543F145}.Release|Any CPU.ActiveCfg = Release|Any CPU
		{5A4FF47C-3402-4E21-A351-26077543F145}.Release|Any CPU.Build.0 = Release|Any CPU
		{D141A94F-979E-4C56-B542-77FC27E5D9A7}.Debug|Any CPU.ActiveCfg = Debug|Any CPU
		{D141A94F-979E-4C56-B542-77FC27E5D9A7}.Debug|Any CPU.Build.0 = Debug|Any CPU
		{D141A94F-979E-4C56-B542-77FC27E5D9A7}.Release|Any CPU.ActiveCfg = Release|Any CPU
		{D141A94F-979E-4C56-B542-77FC27E5D9A7}.Release|Any CPU.Build.0 = Release|Any CPU
	EndGlobalSection
	GlobalSection(SolutionProperties) = preSolution
		HideSolutionNode = FALSE
	EndGlobalSection
	GlobalSection(ExtensibilityGlobals) = postSolution
		SolutionGuid = {196CCF3D-0A21-4F0A-BF2E-46BF48F12992}
	EndGlobalSection
EndGlobal
